
Microsoft Visual Studio Solution File, Format Version 12.00
# Visual Studio 15
Project("{FAE04EC0-301F-11D3-BF4B-00C04F79EFBC}") = "Assembly-CSharp", "Assembly-CSharp.csproj", "{F17E232E-C541-7B4A-909F-FCFECAD9C6B7}"
EndProject
Project("{FAE04EC0-301F-11D3-BF4B-00C04F79EFBC}") = "Assembly-CSharp-Editor", "Assembly-CSharp-Editor.csproj", "{31F736E7-6E0B-6734-4412-B2B3096A4AED}"
EndProject
Global
	GlobalSection(SolutionConfigurationPlatforms) = preSolution
		Debug|Any CPU = Debug|Any CPU
		Release|Any CPU = Release|Any CPU
	EndGlobalSection
	GlobalSection(ProjectConfigurationPlatforms) = postSolution
		{F17E232E-C541-7B4A-909F-FCFECAD9C6B7}.Debug|Any CPU.ActiveCfg = Debug|Any CPU
		{F17E232E-C541-7B4A-909F-FCFECAD9C6B7}.Debug|Any CPU.Build.0 = Debug|Any CPU
		{F17E232E-C541-7B4A-909F-FCFECAD9C6B7}.Release|Any CPU.ActiveCfg = Release|Any CPU
		{F17E232E-C541-7B4A-909F-FCFECAD9C6B7}.Release|Any CPU.Build.0 = Release|Any CPU
		{31F736E7-6E0B-6734-4412-B2B3096A4AED}.Debug|Any CPU.ActiveCfg = Debug|Any CPU
		{31F736E7-6E0B-6734-4412-B2B3096A4AED}.Debug|Any CPU.Build.0 = Debug|Any CPU
		{31F736E7-6E0B-6734-4412-B2B3096A4AED}.Release|Any CPU.ActiveCfg = Release|Any CPU
		{31F736E7-6E0B-6734-4412-B2B3096A4AED}.Release|Any CPU.Build.0 = Release|Any CPU
	EndGlobalSection
	GlobalSection(SolutionProperties) = preSolution
		HideSolutionNode = FALSE
	EndGlobalSection
EndGlobal
